{
  "name": "pizzeria",
  "lockfileVersion": 3,
  "requires": true,
  "packages": {
    "": {
      "dependencies": {
        "typeface-open-sans": "^1.1.13"
      }
    },
    "node_modules/typeface-open-sans": {
      "version": "1.1.13",
      "resolved": "https://registry.npmjs.org/typeface-open-sans/-/typeface-open-sans-1.1.13.tgz",
      "integrity": "sha512-lVGVHvYl7UJDFB9vN8r7NHw3sVm7Rjeow6b9AeABc/J+2mDaCkmcdVtw3QZnsJW39P+xm5zeggIj9gLHYGn9Iw==",
      "license": "MIT"
    }
  }
}
